
Microsoft Visual Studio Solution File, Format Version 12.00
# Visual Studio 15
VisualStudioVersion = 15.0.26430.12
MinimumVisualStudioVersion = 10.0.40219.1
Project("{9A19103F-16F7-4668-BE54-9A1E7A4F7556}") = "QuickstartIdentityServer", "QuickstartIdentityServer\QuickstartIdentityServer.csproj", "{E2889817-0E3B-4C9B-8240-EBABC9BBD602}"
EndProject
Project("{FAE04EC0-301F-11D3-BF4B-00C04F79EFBC}") = "Api", "Api\Api.csproj", "{EC838AB3-14A4-4185-810A-C3EF61C0E74F}"
EndProject
Project("{FAE04EC0-301F-11D3-BF4B-00C04F79EFBC}") = "Client", "Client\Client.csproj", "{3F514A99-B12E-4276-968F-FC2D1CDFFB96}"
EndProject
Project("{2150E333-8FDC-42A3-9474-1A3956D46DE8}") = "Clients", "Clients", "{852EB3F0-975D-4720-B0E9-AE730CDD04DB}"
EndProject
Project("{FAE04EC0-301F-11D3-BF4B-00C04F79EFBC}") = "ResourceOwnerClient", "ResourceOwnerClient\ResourceOwnerClient.csproj", "{A9165266-C58B-4CDA-B572-C454E16E145B}"
EndProject
Project("{FAE04EC0-301F-11D3-BF4B-00C04F79EFBC}") = "MvcClient", "MvcClient\MvcClient.csproj", "{42E986CD-215F-4971-A48B-5CE830662DCA}"
EndProject
Global
	GlobalSection(SolutionConfigurationPlatforms) = preSolution
		Debug|Any CPU = Debug|Any CPU
		Release|Any CPU = Release|Any CPU
	EndGlobalSection
	GlobalSection(ProjectConfigurationPlatforms) = postSolution
		{E2889817-0E3B-4C9B-8240-EBABC9BBD602}.Debug|Any CPU.ActiveCfg = Debug|Any CPU
		{E2889817-0E3B-4C9B-8240-EBABC9BBD602}.Debug|Any CPU.Build.0 = Debug|Any CPU
		{E2889817-0E3B-4C9B-8240-EBABC9BBD602}.Release|Any CPU.ActiveCfg = Release|Any CPU
		{E2889817-0E3B-4C9B-8240-EBABC9BBD602}.Release|Any CPU.Build.0 = Release|Any CPU
		{EC838AB3-14A4-4185-810A-C3EF61C0E74F}.Debug|Any CPU.ActiveCfg = Debug|Any CPU
		{EC838AB3-14A4-4185-810A-C3EF61C0E74F}.Debug|Any CPU.Build.0 = Debug|Any CPU
		{EC838AB3-14A4-4185-810A-C3EF61C0E74F}.Release|Any CPU.ActiveCfg = Release|Any CPU
		{EC838AB3-14A4-4185-810A-C3EF61C0E74F}.Release|Any CPU.Build.0 = Release|Any CPU
		{3F514A99-B12E-4276-968F-FC2D1CDFFB96}.Debug|Any CPU.ActiveCfg = Debug|Any CPU
		{3F514A99-B12E-4276-968F-FC2D1CDFFB96}.Debug|Any CPU.Build.0 = Debug|Any CPU
		{3F514A99-B12E-4276-968F-FC2D1CDFFB96}.Release|Any CPU.ActiveCfg = Release|Any CPU
		{3F514A99-B12E-4276-968F-FC2D1CDFFB96}.Release|Any CPU.Build.0 = Release|Any CPU
		{A9165266-C58B-4CDA-B572-C454E16E145B}.Debug|Any CPU.ActiveCfg = Debug|Any CPU
		{A9165266-C58B-4CDA-B572-C454E16E145B}.Debug|Any CPU.Build.0 = Debug|Any CPU
		{A9165266-C58B-4CDA-B572-C454E16E145B}.Release|Any CPU.ActiveCfg = Release|Any CPU
		{A9165266-C58B-4CDA-B572-C454E16E145B}.Release|Any CPU.Build.0 = Release|Any CPU
		{42E986CD-215F-4971-A48B-5CE830662DCA}.Debug|Any CPU.ActiveCfg = Debug|Any CPU
		{42E986CD-215F-4971-A48B-5CE830662DCA}.Debug|Any CPU.Build.0 = Debug|Any CPU
		{42E986CD-215F-4971-A48B-5CE830662DCA}.Release|Any CPU.ActiveCfg = Release|Any CPU
		{42E986CD-215F-4971-A48B-5CE830662DCA}.Release|Any CPU.Build.0 = Release|Any CPU
	EndGlobalSection
	GlobalSection(SolutionProperties) = preSolution
		HideSolutionNode = FALSE
	EndGlobalSection
	GlobalSection(NestedProjects) = preSolution
		{3F514A99-B12E-4276-968F-FC2D1CDFFB96} = {852EB3F0-975D-4720-B0E9-AE730CDD04DB}
		{A9165266-C58B-4CDA-B572-C454E16E145B} = {852EB3F0-975D-4720-B0E9-AE730CDD04DB}
		{42E986CD-215F-4971-A48B-5CE830662DCA} = {852EB3F0-975D-4720-B0E9-AE730CDD04DB}
	EndGlobalSection
EndGlobal
